# This file was autogenerated by Stack.
# You should not edit this file by hand.
# For more information, please see the documentation at:
#   https://docs.haskellstack.org/en/stable/lock_files

packages:
- completed:
    hackage: hoauth2-1.8.8@sha256:6b20fcc192d19c16fde32b0d1acd44e0f3eba3ae4db34009c21a306df5998038,5739
    pantry-tree:
      size: 1986
      sha256: 9cd1e2ee1e864f24a8f41950ac21cd31724b5d697271d54007402149aa1da18d
  original:
    hackage: hoauth2-1.8.8
- completed:
    hackage: jose-jwt-0.8.0@sha256:821c1a5dad882af45ef89fd6ed4e9a32c2b4178331c9b67fb63a071fa65e3633,3548
    pantry-tree:
      size: 1181
      sha256: eb666c6dc32be4beafd45dc30094dd6b7c8790e71aac1fb8a5d07fb37e42d716
  original:
    hackage: jose-jwt-0.8.0
- completed:
    hackage: jsonpath-0.1.0.1@sha256:6d4c35ea30f0b7e1653b9c4b5690fcfe32567754ca5495dc949c014047afa307,2331
    pantry-tree:
      size: 1097
      sha256: 05da2148dbb5d4ba654da699325a6dab54f53e80c96c5be6b30f0752aed5d315
  original:
    hackage: jsonpath-0.1.0.1
- completed:
    hackage: katip-0.8.0.0@sha256:8a74858b692edfdbe83ac377b116111f81b4dcda774024615967d764f9f474b8,4097
    pantry-tree:
      size: 1140
      sha256: f6baad9ee2edc7ed02d71bd8433872403500ebbdfaead9e4ef226dc47b3c4b97
  original:
    hackage: katip-0.8.0.0
- completed:
    hackage: oidc-client-0.4.0.1@sha256:d35d29351ea7db2aa0ecd4b4792b8bac4bf13f10c050e3c0cab0072b74acd996,3306
    pantry-tree:
      size: 1153
      sha256: 8e5ea55cd0d5140c7595a7a2a6d6a039f29a61c2b339b0d850e062369f897206
  original:
    hackage: oidc-client-0.4.0.1
- completed:
    hackage: uri-bytestring-aeson-0.1.0.7@sha256:33d83caa4704f07112564b98cb4b2e7b87f3f185e2e520c8d3444b95967d11f3,1103
    pantry-tree:
      size: 330
      sha256: 86a5bafd2080c702b27216c9019283456df88f31a3fe1a97510a162f9f24c7c1
  original:
    hackage: uri-bytestring-aeson-0.1.0.7
snapshots:
- completed:
    size: 532377
    url: https://raw.githubusercontent.com/commercialhaskell/stackage-snapshots/master/lts/16/12.yaml
    sha256: f914cfa23fef85bdf895e300a8234d9d0edc2dbec67f4bc9c53f85867c50eab6
  original: lts-16.12
